// !$*UTF8*$!
{
	archiveVersion = 1;
	classes = {
	};
	objectVersion = 56;
	objects = {

/* Begin PBXBuildFile section */
		6371C49C2B346D3A009F355C /* Test_DDS_iOS_NoRoute2HostApp.swift in Sources */ = {isa = PBXBuildFile; fileRef = 6371C49B2B346D3A009F355C /* Test_DDS_iOS_NoRoute2HostApp.swift */; };
		6371C49E2B346D3A009F355C /* ContentView.swift in Sources */ = {isa = PBXBuildFile; fileRef = 6371C49D2B346D3A009F355C /* ContentView.swift */; };
		6371C4A02B346D3B009F355C /* Assets.xcassets in Resources */ = {isa = PBXBuildFile; fileRef = 6371C49F2B346D3B009F355C /* Assets.xcassets */; };
		6371C4A32B346D3B009F355C /* Preview Assets.xcassets in Resources */ = {isa = PBXBuildFile; fileRef = 6371C4A22B346D3B009F355C /* Preview Assets.xcassets */; };
		6371C4AA2B346D60009F355C /* DDSSample.swift in Sources */ = {isa = PBXBuildFile; fileRef = 6371C4A92B346D60009F355C /* DDSSample.swift */; };
		6371C4B82B347AB4009F355C /* FastRTPSBridge in Frameworks */ = {isa = PBXBuildFile; productRef = 6371C4B72B347AB4009F355C /* FastRTPSBridge */; settings = {ATTRIBUTES = (Required, ); }; };
		6371C4B92B347AD7009F355C /* FastRTPSBridge in Embed Frameworks */ = {isa = PBXBuildFile; productRef = 6371C4B72B347AB4009F355C /* FastRTPSBridge */; settings = {ATTRIBUTES = (CodeSignOnCopy, ); }; };
/* End PBXBuildFile section */

/* Begin PBXCopyFilesBuildPhase section */
		6371C4AF2B3477D8009F355C /* Embed Frameworks */ = {
			isa = PBXCopyFilesBuildPhase;
			buildActionMask = 2147483647;
			dstPath = "";
			dstSubfolderSpec = 10;
			files = (
				6371C4B92B347AD7009F355C /* FastRTPSBridge in Embed Frameworks */,
			);
			name = "Embed Frameworks";
			runOnlyForDeploymentPostprocessing = 0;
		};
/* End PBXCopyFilesBuildPhase section */

/* Begin PBXFileReference section */
		6371C4982B346D3A009F355C /* Test-DDS-iOS-NoRoute2Host.app */ = {isa = PBXFileReference; explicitFileType = wrapper.application; includeInIndex = 0; path = "Test-DDS-iOS-NoRoute2Host.app"; sourceTree = BUILT_PRODUCTS_DIR; };
		6371C49B2B346D3A009F355C /* Test_DDS_iOS_NoRoute2HostApp.swift */ = {isa = PBXFileReference; lastKnownFileType = sourcecode.swift; path = Test_DDS_iOS_NoRoute2HostApp.swift; sourceTree = "<group>"; };
		6371C49D2B346D3A009F355C /* ContentView.swift */ = {isa = PBXFileReference; lastKnownFileType = sourcecode.swift; path = ContentView.swift; sourceTree = "<group>"; };
		6371C49F2B346D3B009F355C /* Assets.xcassets */ = {isa = PBXFileReference; lastKnownFileType = folder.assetcatalog; path = Assets.xcassets; sourceTree = "<group>"; };
		6371C4A22B346D3B009F355C /* Preview Assets.xcassets */ = {isa = PBXFileReference; lastKnownFileType = folder.assetcatalog; path = "Preview Assets.xcassets"; sourceTree = "<group>"; };
		6371C4A92B346D60009F355C /* DDSSample.swift */ = {isa = PBXFileReference; lastKnownFileType = sourcecode.swift; path = DDSSample.swift; sourceTree = "<group>"; };
/* End PBXFileReference section */

/* Begin PBXFrameworksBuildPhase section */
		6371C4952B346D3A009F355C /* Frameworks */ = {
			isa = PBXFrameworksBuildPhase;
			buildActionMask = 2147483647;
			files = (
				6371C4B82B347AB4009F355C /* FastRTPSBridge in Frameworks */,
			);
			runOnlyForDeploymentPostprocessing = 0;
		};
/* End PBXFrameworksBuildPhase section */

/* Begin PBXGroup section */
		6371C48F2B346D3A009F355C = {
			isa = PBXGroup;
			children = (
				6371C49A2B346D3A009F355C /* Test-DDS-iOS-NoRoute2Host */,
				6371C4992B346D3A009F355C /* Products */,
			);
			sourceTree = "<group>";
		};
		6371C4992B346D3A009F355C /* Products */ = {
			isa = PBXGroup;
			children = (
				6371C4982B346D3A009F355C /* Test-DDS-iOS-NoRoute2Host.app */,
			);
			name = Products;
			sourceTree = "<group>";
		};
		6371C49A2B346D3A009F355C /* Test-DDS-iOS-NoRoute2Host */ = {
			isa = PBXGroup;
			children = (
				6371C49B2B346D3A009F355C /* Test_DDS_iOS_NoRoute2HostApp.swift */,
				6371C49D2B346D3A009F355C /* ContentView.swift */,
				6371C49F2B346D3B009F355C /* Assets.xcassets */,
				6371C4A12B346D3B009F355C /* Preview Content */,
				6371C4A92B346D60009F355C /* DDSSample.swift */,
			);
			path = "Test-DDS-iOS-NoRoute2Host";
			sourceTree = "<group>";
		};
		6371C4A12B346D3B009F355C /* Preview Content */ = {
			isa = PBXGroup;
			children = (
				6371C4A22B346D3B009F355C /* Preview Assets.xcassets */,
			);
			path = "Preview Content";
			sourceTree = "<group>";
		};
/* End PBXGroup section */

/* Begin PBXNativeTarget section */
		6371C4972B346D3A009F355C /* Test-DDS-iOS-NoRoute2Host */ = {
			isa = PBXNativeTarget;
			buildConfigurationList = 6371C4A62B346D3B009F355C /* Build configuration list for PBXNativeTarget "Test-DDS-iOS-NoRoute2Host" */;
			buildPhases = (
				6371C4942B346D3A009F355C /* Sources */,
				6371C4952B346D3A009F355C /* Frameworks */,
				6371C4962B346D3A009F355C /* Resources */,
				6371C4AF2B3477D8009F355C /* Embed Frameworks */,
			);
			buildRules = (
			);
			dependencies = (
			);
			name = "Test-DDS-iOS-NoRoute2Host";
			packageProductDependencies = (
				6371C4B72B347AB4009F355C /* FastRTPSBridge */,
			);
			productName = "Test-DDS-iOS-NoRoute2Host";
			productReference = 6371C4982B346D3A009F355C /* Test-DDS-iOS-NoRoute2Host.app */;
			productType = "com.apple.product-type.application";
		};
/* End PBXNativeTarget section */

/* Begin PBXProject section */
		6371C4902B346D3A009F355C /* Project object */ = {
			isa = PBXProject;
			attributes = {
				BuildIndependentTargetsInParallel = 1;
				LastSwiftUpdateCheck = 1500;
				LastUpgradeCheck = 1500;
				TargetAttributes = {
					6371C4972B346D3A009F355C = {
						CreatedOnToolsVersion = 15.0.1;
					};
				};
			};
			buildConfigurationList = 6371C4932B346D3A009F355C /* Build configuration list for PBXProject "Test-DDS-iOS-NoRoute2Host" */;
			compatibilityVersion = "Xcode 14.0";
			developmentRegion = en;
			hasScannedForEncodings = 0;
			knownRegions = (
				en,
				Base,
			);
			mainGroup = 6371C48F2B346D3A009F355C;
			packageReferences = (
				6371C4B62B347AB4009F355C /* XCRemoteSwiftPackageReference "FastRTPSSwift" */,
			);
			productRefGroup = 6371C4992B346D3A009F355C /* Products */;
			projectDirPath = "";
			projectRoot = "";
			targets = (
				6371C4972B346D3A009F355C /* Test-DDS-iOS-NoRoute2Host */,
			);
		};
/* End PBXProject section */

/* Begin PBXResourcesBuildPhase section */
		6371C4962B346D3A009F355C /* Resources */ = {
			isa = PBXResourcesBuildPhase;
			buildActionMask = 2147483647;
			files = (
				6371C4A32B346D3B009F355C /* Preview Assets.xcassets in Resources */,
				6371C4A02B346D3B009F355C /* Assets.xcassets in Resources */,
			);
			runOnlyForDeploymentPostprocessing = 0;
		};
/* End PBXResourcesBuildPhase section */

/* Begin PBXSourcesBuildPhase section */
		6371C4942B346D3A009F355C /* Sources */ = {
			isa = PBXSourcesBuildPhase;
			buildActionMask = 2147483647;
			files = (
				6371C49E2B346D3A009F355C /* ContentView.swift in Sources */,
				6371C4AA2B346D60009F355C /* DDSSample.swift in Sources */,
				6371C49C2B346D3A009F355C /* Test_DDS_iOS_NoRoute2HostApp.swift in Sources */,
			);
			runOnlyForDeploymentPostprocessing = 0;
		};
/* End PBXSourcesBuildPhase section */

/* Begin XCBuildConfiguration section */
		6371C4A42B346D3B009F355C /* Debug */ = {
			isa = XCBuildConfiguration;
			buildSettings = {
				ALWAYS_SEARCH_USER_PATHS = NO;
				ASSETCATALOG_COMPILER_GENERATE_SWIFT_ASSET_SYMBOL_EXTENSIONS = YES;
				CLANG_ANALYZER_NONNULL = YES;
				CLANG_ANALYZER_NUMBER_OBJECT_CONVERSION = YES_AGGRESSIVE;
				CLANG_CXX_LANGUAGE_STANDARD = "gnu++20";
				CLANG_ENABLE_MODULES = YES;
				CLANG_ENABLE_OBJC_ARC = YES;
				CLANG_ENABLE_OBJC_WEAK = YES;
				CLANG_WARN_BLOCK_CAPTURE_AUTORELEASING = YES;
				CLANG_WARN_BOOL_CONVERSION = YES;
				CLANG_WARN_COMMA = YES;
				CLANG_WARN_CONSTANT_CONVERSION = YES;
				CLANG_WARN_DEPRECATED_OBJC_IMPLEMENTATIONS = YES;
				CLANG_WARN_DIRECT_OBJC_ISA_USAGE = YES_ERROR;
				CLANG_WARN_DOCUMENTATION_COMMENTS = YES;
				CLANG_WARN_EMPTY_BODY = YES;
				CLANG_WARN_ENUM_CONVERSION = YES;
				CLANG_WARN_INFINITE_RECURSION = YES;
				CLANG_WARN_INT_CONVERSION = YES;
				CLANG_WARN_NON_LITERAL_NULL_CONVERSION = YES;
				CLANG_WARN_OBJC_IMPLICIT_RETAIN_SELF = YES;
				CLANG_WARN_OBJC_LITERAL_CONVERSION = YES;
				CLANG_WARN_OBJC_ROOT_CLASS = YES_ERROR;
				CLANG_WARN_QUOTED_INCLUDE_IN_FRAMEWORK_HEADER = YES;
				CLANG_WARN_RANGE_LOOP_ANALYSIS = YES;
				CLANG_WARN_STRICT_PROTOTYPES = YES;
				CLANG_WARN_SUSPICIOUS_MOVE = YES;
				CLANG_WARN_UNGUARDED_AVAILABILITY = YES_AGGRESSIVE;
				CLANG_WARN_UNREACHABLE_CODE = YES;
				CLANG_WARN__DUPLICATE_METHOD_MATCH = YES;
				COPY_PHASE_STRIP = NO;
				DEBUG_INFORMATION_FORMAT = dwarf;
				ENABLE_STRICT_OBJC_MSGSEND = YES;
				ENABLE_TESTABILITY = YES;
				ENABLE_USER_SCRIPT_SANDBOXING = YES;
				GCC_C_LANGUAGE_STANDARD = gnu17;
				GCC_DYNAMIC_NO_PIC = NO;
				GCC_NO_COMMON_BLOCKS = YES;
				GCC_OPTIMIZATION_LEVEL = 0;
				GCC_PREPROCESSOR_DEFINITIONS = (
					"DEBUG=1",
					"$(inherited)",
				);
				GCC_WARN_64_TO_32_BIT_CONVERSION = YES;
				GCC_WARN_ABOUT_RETURN_TYPE = YES_ERROR;
				GCC_WARN_UNDECLARED_SELECTOR = YES;
				GCC_WARN_UNINITIALIZED_AUTOS = YES_AGGRESSIVE;
				GCC_WARN_UNUSED_FUNCTION = YES;
				GCC_WARN_UNUSED_VARIABLE = YES;
				IPHONEOS_DEPLOYMENT_TARGET = 17.0;
				LOCALIZATION_PREFERS_STRING_CATALOGS = YES;
				MTL_ENABLE_DEBUG_INFO = INCLUDE_SOURCE;
				MTL_FAST_MATH = YES;
				ONLY_ACTIVE_ARCH = YES;
				SDKROOT = iphoneos;
				SWIFT_ACTIVE_COMPILATION_CONDITIONS = "DEBUG $(inherited)";
				SWIFT_OPTIMIZATION_LEVEL = "-Onone";
			};
			name = Debug;
		};
		6371C4A52B346D3B009F355C /* Release */ = {
			isa = XCBuildConfiguration;
			buildSettings = {
				ALWAYS_SEARCH_USER_PATHS = NO;
				ASSETCATALOG_COMPILER_GENERATE_SWIFT_ASSET_SYMBOL_EXTENSIONS = YES;
				CLANG_ANALYZER_NONNULL = YES;
				CLANG_ANALYZER_NUMBER_OBJECT_CONVERSION = YES_AGGRESSIVE;
				CLANG_CXX_LANGUAGE_STANDARD = "gnu++20";
				CLANG_ENABLE_MODULES = YES;
				CLANG_ENABLE_OBJC_ARC = YES;
				CLANG_ENABLE_OBJC_WEAK = YES;
				CLANG_WARN_BLOCK_CAPTURE_AUTORELEASING = YES;
				CLANG_WARN_BOOL_CONVERSION = YES;
				CLANG_WARN_COMMA = YES;
				CLANG_WARN_CONSTANT_CONVERSION = YES;
				CLANG_WARN_DEPRECATED_OBJC_IMPLEMENTATIONS = YES;
				CLANG_WARN_DIRECT_OBJC_ISA_USAGE = YES_ERROR;
				CLANG_WARN_DOCUMENTATION_COMMENTS = YES;
				CLANG_WARN_EMPTY_BODY = YES;
				CLANG_WARN_ENUM_CONVERSION = YES;
				CLANG_WARN_INFINITE_RECURSION = YES;
				CLANG_WARN_INT_CONVERSION = YES;
				CLANG_WARN_NON_LITERAL_NULL_CONVERSION = YES;
				CLANG_WARN_OBJC_IMPLICIT_RETAIN_SELF = YES;
				CLANG_WARN_OBJC_LITERAL_CONVERSION = YES;
				CLANG_WARN_OBJC_ROOT_CLASS = YES_ERROR;
				CLANG_WARN_QUOTED_INCLUDE_IN_FRAMEWORK_HEADER = YES;
				CLANG_WARN_RANGE_LOOP_ANALYSIS = YES;
				CLANG_WARN_STRICT_PROTOTYPES = YES;
				CLANG_WARN_SUSPICIOUS_MOVE = YES;
				CLANG_WARN_UNGUARDED_AVAILABILITY = YES_AGGRESSIVE;
				CLANG_WARN_UNREACHABLE_CODE = YES;
				CLANG_WARN__DUPLICATE_METHOD_MATCH = YES;
				COPY_PHASE_STRIP = NO;
				DEBUG_INFORMATION_FORMAT = "dwarf-with-dsym";
				ENABLE_NS_ASSERTIONS = NO;
				ENABLE_STRICT_OBJC_MSGSEND = YES;
				ENABLE_USER_SCRIPT_SANDBOXING = YES;
				GCC_C_LANGUAGE_STANDARD = gnu17;
				GCC_NO_COMMON_BLOCKS = YES;
				GCC_WARN_64_TO_32_BIT_CONVERSION = YES;
				GCC_WARN_ABOUT_RETURN_TYPE = YES_ERROR;
				GCC_WARN_UNDECLARED_SELECTOR = YES;
				GCC_WARN_UNINITIALIZED_AUTOS = YES_AGGRESSIVE;
				GCC_WARN_UNUSED_FUNCTION = YES;
				GCC_WARN_UNUSED_VARIABLE = YES;
				IPHONEOS_DEPLOYMENT_TARGET = 17.0;
				LOCALIZATION_PREFERS_STRING_CATALOGS = YES;
				MTL_ENABLE_DEBUG_INFO = NO;
				MTL_FAST_MATH = YES;
				SDKROOT = iphoneos;
				SWIFT_COMPILATION_MODE = wholemodule;
				VALIDATE_PRODUCT = YES;
			};
			name = Release;
		};
		6371C4A72B346D3B009F355C /* Debug */ = {
			isa = XCBuildConfiguration;
			buildSettings = {
				ASSETCATALOG_COMPILER_APPICON_NAME = AppIcon;
				ASSETCATALOG_COMPILER_GLOBAL_ACCENT_COLOR_NAME = AccentColor;
				CODE_SIGN_STYLE = Automatic;
				CURRENT_PROJECT_VERSION = 1;
				DEVELOPMENT_ASSET_PATHS = "\"Test-DDS-iOS-NoRoute2Host/Preview Content\"";
				DEVELOPMENT_TEAM = Y28LPWTPPG;
				ENABLE_PREVIEWS = YES;
				GENERATE_INFOPLIST_FILE = YES;
				INFOPLIST_KEY_UIApplicationSceneManifest_Generation = YES;
				INFOPLIST_KEY_UIApplicationSupportsIndirectInputEvents = YES;
				INFOPLIST_KEY_UILaunchScreen_Generation = YES;
				INFOPLIST_KEY_UISupportedInterfaceOrientations_iPad = "UIInterfaceOrientationPortrait UIInterfaceOrientationPortraitUpsideDown UIInterfaceOrientationLandscapeLeft UIInterfaceOrientationLandscapeRight";
				INFOPLIST_KEY_UISupportedInterfaceOrientations_iPhone = "UIInterfaceOrientationPortrait UIInterfaceOrientationLandscapeLeft UIInterfaceOrientationLandscapeRight";
				LD_RUNPATH_SEARCH_PATHS = (
					"$(inherited)",
					"@executable_path/Frameworks",
				);
				MARKETING_VERSION = 1.0;
				PRODUCT_BUNDLE_IDENTIFIER = "ai.straps.Test-DDS-iOS-NoRoute2Host";
				PRODUCT_NAME = "$(TARGET_NAME)";
				SUPPORTED_PLATFORMS = "iphoneos iphonesimulator";
				SUPPORTS_MACCATALYST = NO;
				SUPPORTS_MAC_DESIGNED_FOR_IPHONE_IPAD = NO;
				SWIFT_EMIT_LOC_STRINGS = YES;
				SWIFT_VERSION = 5.0;
				TARGETED_DEVICE_FAMILY = "1,2";
			};
			name = Debug;
		};
		6371C4A82B346D3B009F355C /* Release */ = {
			isa = XCBuildConfiguration;
			buildSettings = {
				ASSETCATALOG_COMPILER_APPICON_NAME = AppIcon;
				ASSETCATALOG_COMPILER_GLOBAL_ACCENT_COLOR_NAME = AccentColor;
				CODE_SIGN_STYLE = Automatic;
				CURRENT_PROJECT_VERSION = 1;
				DEVELOPMENT_ASSET_PATHS = "\"Test-DDS-iOS-NoRoute2Host/Preview Content\"";
				DEVELOPMENT_TEAM = Y28LPWTPPG;
				ENABLE_PREVIEWS = YES;
				GENERATE_INFOPLIST_FILE = YES;
				INFOPLIST_KEY_UIApplicationSceneManifest_Generation = YES;
				INFOPLIST_KEY_UIApplicationSupportsIndirectInputEvents = YES;
				INFOPLIST_KEY_UILaunchScreen_Generation = YES;
				INFOPLIST_KEY_UISupportedInterfaceOrientations_iPad = "UIInterfaceOrientationPortrait UIInterfaceOrientationPortraitUpsideDown UIInterfaceOrientationLandscapeLeft UIInterfaceOrientationLandscapeRight";
				INFOPLIST_KEY_UISupportedInterfaceOrientations_iPhone = "UIInterfaceOrientationPortrait UIInterfaceOrientationLandscapeLeft UIInterfaceOrientationLandscapeRight";
				LD_RUNPATH_SEARCH_PATHS = (
					"$(inherited)",
					"@executable_path/Frameworks",
				);
				MARKETING_VERSION = 1.0;
				PRODUCT_BUNDLE_IDENTIFIER = "ai.straps.Test-DDS-iOS-NoRoute2Host";
				PRODUCT_NAME = "$(TARGET_NAME)";
				SUPPORTED_PLATFORMS = "iphoneos iphonesimulator";
				SUPPORTS_MACCATALYST = NO;
				SUPPORTS_MAC_DESIGNED_FOR_IPHONE_IPAD = NO;
				SWIFT_EMIT_LOC_STRINGS = YES;
				SWIFT_VERSION = 5.0;
				TARGETED_DEVICE_FAMILY = "1,2";
			};
			name = Release;
		};
/* End XCBuildConfiguration section */

/* Begin XCConfigurationList section */
		6371C4932B346D3A009F355C /* Build configuration list for PBXProject "Test-DDS-iOS-NoRoute2Host" */ = {
			isa = XCConfigurationList;
			buildConfigurations = (
				6371C4A42B346D3B009F355C /* Debug */,
				6371C4A52B346D3B009F355C /* Release */,
			);
			defaultConfigurationIsVisible = 0;
			defaultConfigurationName = Release;
		};
		6371C4A62B346D3B009F355C /* Build configuration list for PBXNativeTarget "Test-DDS-iOS-NoRoute2Host" */ = {
			isa = XCConfigurationList;
			buildConfigurations = (
				6371C4A72B346D3B009F355C /* Debug */,
				6371C4A82B346D3B009F355C /* Release */,
			);
			defaultConfigurationIsVisible = 0;
			defaultConfigurationName = Release;
		};
/* End XCConfigurationList section */

/* Begin XCRemoteSwiftPackageReference section */
		6371C4B62B347AB4009F355C /* XCRemoteSwiftPackageReference "FastRTPSSwift" */ = {
			isa = XCRemoteSwiftPackageReference;
			repositoryURL = "https://github.com/janneskasper/FastRTPSSwift.git";
			requirement = {
				branch = bugfix;
				kind = branch;
			};
		};
/* End XCRemoteSwiftPackageReference section */

/* Begin XCSwiftPackageProductDependency section */
		6371C4B72B347AB4009F355C /* FastRTPSBridge */ = {
			isa = XCSwiftPackageProductDependency;
			package = 6371C4B62B347AB4009F355C /* XCRemoteSwiftPackageReference "FastRTPSSwift" */;
			productName = FastRTPSBridge;
		};
/* End XCSwiftPackageProductDependency section */
	};
	rootObject = 6371C4902B346D3A009F355C /* Project object */;
}
